// !$*UTF8*$!
{
	archiveVersion = 1;
	classes = {
	};
	objectVersion = 45;
	objects = {

/* Begin PBXBuildFile section */
		0C920CEF1269670C004A624F /* sds.h in Headers */ = {isa = PBXBuildFile; fileRef = 0C920CE81269670C004A624F /* sds.h */; };
		0C920CF01269670C004A624F /* sds.c in Sources */ = {isa = PBXBuildFile; fileRef = 0C920CE91269670C004A624F /* sds.c */; };
		0C920CF11269670C004A624F /* hiredis.h in Headers */ = {isa = PBXBuildFile; fileRef = 0C920CEA1269670C004A624F /* hiredis.h */; };
		0C920CF21269670C004A624F /* hiredis.c in Sources */ = {isa = PBXBuildFile; fileRef = 0C920CEB1269670C004A624F /* hiredis.c */; };
		0C920CF31269670C004A624F /* fmacros.h in Headers */ = {isa = PBXBuildFile; fileRef = 0C920CEC1269670C004A624F /* fmacros.h */; };
		0C920CF41269670C004A624F /* anet.h in Headers */ = {isa = PBXBuildFile; fileRef = 0C920CED1269670C004A624F /* anet.h */; };
		0C920CF51269670C004A624F /* anet.c in Sources */ = {isa = PBXBuildFile; fileRef = 0C920CEE1269670C004A624F /* anet.c */; };
		0C920CF812696723004A624F /* ObjCHiredis.m in Sources */ = {isa = PBXBuildFile; fileRef = 0C920CF612696722004A624F /* ObjCHiredis.m */; };
		0C920CF912696723004A624F /* ObjCHiredis.h in Headers */ = {isa = PBXBuildFile; fileRef = 0C920CF712696723004A624F /* ObjCHiredis.h */; settings = {ATTRIBUTES = (Public, ); }; };
		0C920D11126967B0004A624F /* ObjCHiredis_01_Basic_TestCase.m in Sources */ = {isa = PBXBuildFile; fileRef = 0C920CFC12696735004A624F /* ObjCHiredis_01_Basic_TestCase.m */; };
		0C920D16126967C6004A624F /* ObjCHiredis in Frameworks */ = {isa = PBXBuildFile; fileRef = 8DC2EF5B0486A6940098B216 /* ObjCHiredis */; };
		0C920DE712696D70004A624F /* Foundation.framework in Frameworks */ = {isa = PBXBuildFile; fileRef = 0867D69BFE84028FC02AAC07 /* Foundation.framework */; };
		0C921391126F158A004A624F /* ObjCHiredis_02_String_TestCase.m in Sources */ = {isa = PBXBuildFile; fileRef = 0C921390126F158A004A624F /* ObjCHiredis_02_String_TestCase.m */; };
		0C921394126F1669004A624F /* ObjCHiredis_03_List_TestCase.m in Sources */ = {isa = PBXBuildFile; fileRef = 0C921393126F1669004A624F /* ObjCHiredis_03_List_TestCase.m */; };
		0C921397126F170E004A624F /* ObjCHiredis_06_Hash_TestCase.m in Sources */ = {isa = PBXBuildFile; fileRef = 0C921396126F170E004A624F /* ObjCHiredis_06_Hash_TestCase.m */; };
		0C9215121271BE4A004A624F /* ObjCHiredis_04_Set_TestCase.m in Sources */ = {isa = PBXBuildFile; fileRef = 0C9215111271BE4A004A624F /* ObjCHiredis_04_Set_TestCase.m */; };
		0C9216891277023E004A624F /* ObjCHiredis_05_SortedSet_TestCase.m in Sources */ = {isa = PBXBuildFile; fileRef = 0C9216881277023E004A624F /* ObjCHiredis_05_SortedSet_TestCase.m */; };
		0C921A8C127A20E2004A624F /* ObjCHiredis_07_MultiExecCommand.m in Sources */ = {isa = PBXBuildFile; fileRef = 0C921A8B127A20E2004A624F /* ObjCHiredis_07_MultiExecCommand.m */; };
		0C921FAD128038EF004A624F /* anet.c in Sources */ = {isa = PBXBuildFile; fileRef = 0C920CEE1269670C004A624F /* anet.c */; };
		0C921FAE128038F1004A624F /* anet.h in Headers */ = {isa = PBXBuildFile; fileRef = 0C920CED1269670C004A624F /* anet.h */; };
		0C921FAF128038F4004A624F /* fmacros.h in Headers */ = {isa = PBXBuildFile; fileRef = 0C920CEC1269670C004A624F /* fmacros.h */; };
		0C921FB0128038F7004A624F /* hiredis.c in Sources */ = {isa = PBXBuildFile; fileRef = 0C920CEB1269670C004A624F /* hiredis.c */; };
		0C921FB1128038F8004A624F /* hiredis.h in Headers */ = {isa = PBXBuildFile; fileRef = 0C920CEA1269670C004A624F /* hiredis.h */; };
		0C921FB2128038FF004A624F /* ObjCHiredis.h in Headers */ = {isa = PBXBuildFile; fileRef = 0C920CF712696723004A624F /* ObjCHiredis.h */; settings = {ATTRIBUTES = (Public, ); }; };
		0C921FB312803901004A624F /* ObjCHiredis.m in Sources */ = {isa = PBXBuildFile; fileRef = 0C920CF612696722004A624F /* ObjCHiredis.m */; };
		0C921FB412803908004A624F /* sds.c in Sources */ = {isa = PBXBuildFile; fileRef = 0C920CE91269670C004A624F /* sds.c */; };
		0C921FB512803909004A624F /* sds.h in Headers */ = {isa = PBXBuildFile; fileRef = 0C920CE81269670C004A624F /* sds.h */; };
		0C921FC61280394A004A624F /* libObjCHiredis_iOS.a in Frameworks */ = {isa = PBXBuildFile; fileRef = 0C921FA6128038D1004A624F /* libObjCHiredis_iOS.a */; };
		0C921FCF12803983004A624F /* ObjCHiredis_01_Basic_TestCase.m in Sources */ = {isa = PBXBuildFile; fileRef = 0C920CFC12696735004A624F /* ObjCHiredis_01_Basic_TestCase.m */; };
		0C921FD012803985004A624F /* ObjCHiredis_02_String_TestCase.m in Sources */ = {isa = PBXBuildFile; fileRef = 0C921390126F158A004A624F /* ObjCHiredis_02_String_TestCase.m */; };
		0C921FD112803986004A624F /* ObjCHiredis_03_List_TestCase.m in Sources */ = {isa = PBXBuildFile; fileRef = 0C921393126F1669004A624F /* ObjCHiredis_03_List_TestCase.m */; };
		0C921FD212803987004A624F /* ObjCHiredis_04_Set_TestCase.m in Sources */ = {isa = PBXBuildFile; fileRef = 0C9215111271BE4A004A624F /* ObjCHiredis_04_Set_TestCase.m */; };
		0C921FD312803988004A624F /* ObjCHiredis_05_SortedSet_TestCase.m in Sources */ = {isa = PBXBuildFile; fileRef = 0C9216881277023E004A624F /* ObjCHiredis_05_SortedSet_TestCase.m */; };
		0C921FD412803989004A624F /* ObjCHiredis_06_Hash_TestCase.m in Sources */ = {isa = PBXBuildFile; fileRef = 0C921396126F170E004A624F /* ObjCHiredis_06_Hash_TestCase.m */; };
		0C921FD51280398D004A624F /* ObjCHiredis_07_MultiExecCommand.m in Sources */ = {isa = PBXBuildFile; fileRef = 0C921A8B127A20E2004A624F /* ObjCHiredis_07_MultiExecCommand.m */; };
		8DC2EF530486A6940098B216 /* InfoPlist.strings in Resources */ = {isa = PBXBuildFile; fileRef = 089C1666FE841158C02AAC07 /* InfoPlist.strings */; };
/* End PBXBuildFile section */

/* Begin PBXContainerItemProxy section */
		0C920D12126967BB004A624F /* PBXContainerItemProxy */ = {
			isa = PBXContainerItemProxy;
			containerPortal = 0867D690FE84028FC02AAC07 /* Project object */;
			proxyType = 1;
			remoteGlobalIDString = 8DC2EF4F0486A6940098B216;
			remoteInfo = ObjCHiredis;
		};
		0C921FC41280393F004A624F /* PBXContainerItemProxy */ = {
			isa = PBXContainerItemProxy;
			containerPortal = 0867D690FE84028FC02AAC07 /* Project object */;
			proxyType = 1;
			remoteGlobalIDString = 0C921FA5128038D1004A624F /* ObjCHiredis_iOS */;
			remoteInfo = ObjCHiredis_iOS;
		};
/* End PBXContainerItemProxy section */

/* Begin PBXFileReference section */
		0867D69BFE84028FC02AAC07 /* Foundation.framework */ = {isa = PBXFileReference; lastKnownFileType = wrapper.framework; name = Foundation.framework; path = /System/Library/Frameworks/Foundation.framework; sourceTree = "<absolute>"; };
		0867D6A5FE840307C02AAC07 /* AppKit.framework */ = {isa = PBXFileReference; lastKnownFileType = wrapper.framework; name = AppKit.framework; path = /System/Library/Frameworks/AppKit.framework; sourceTree = "<absolute>"; };
		089C1667FE841158C02AAC07 /* English */ = {isa = PBXFileReference; fileEncoding = 4; lastKnownFileType = text.plist.strings; name = English; path = English.lproj/InfoPlist.strings; sourceTree = "<group>"; };
		0C920CE81269670C004A624F /* sds.h */ = {isa = PBXFileReference; fileEncoding = 4; lastKnownFileType = sourcecode.c.h; path = sds.h; sourceTree = "<group>"; };
		0C920CE91269670C004A624F /* sds.c */ = {isa = PBXFileReference; fileEncoding = 4; lastKnownFileType = sourcecode.c.c; path = sds.c; sourceTree = "<group>"; };
		0C920CEA1269670C004A624F /* hiredis.h */ = {isa = PBXFileReference; fileEncoding = 4; lastKnownFileType = sourcecode.c.h; path = hiredis.h; sourceTree = "<group>"; };
		0C920CEB1269670C004A624F /* hiredis.c */ = {isa = PBXFileReference; fileEncoding = 4; lastKnownFileType = sourcecode.c.c; path = hiredis.c; sourceTree = "<group>"; };
		0C920CEC1269670C004A624F /* fmacros.h */ = {isa = PBXFileReference; fileEncoding = 4; lastKnownFileType = sourcecode.c.h; path = fmacros.h; sourceTree = "<group>"; };
		0C920CED1269670C004A624F /* anet.h */ = {isa = PBXFileReference; fileEncoding = 4; lastKnownFileType = sourcecode.c.h; path = anet.h; sourceTree = "<group>"; };
		0C920CEE1269670C004A624F /* anet.c */ = {isa = PBXFileReference; fileEncoding = 4; lastKnownFileType = sourcecode.c.c; path = anet.c; sourceTree = "<group>"; };
		0C920CF612696722004A624F /* ObjCHiredis.m */ = {isa = PBXFileReference; fileEncoding = 4; lastKnownFileType = sourcecode.c.objc; path = ObjCHiredis.m; sourceTree = "<group>"; };
		0C920CF712696723004A624F /* ObjCHiredis.h */ = {isa = PBXFileReference; fileEncoding = 4; lastKnownFileType = sourcecode.c.h; path = ObjCHiredis.h; sourceTree = "<group>"; };
		0C920CFC12696735004A624F /* ObjCHiredis_01_Basic_TestCase.m */ = {isa = PBXFileReference; fileEncoding = 4; lastKnownFileType = sourcecode.c.objc; path = ObjCHiredis_01_Basic_TestCase.m; sourceTree = "<group>"; };
		0C920D0A12696788004A624F /* Test_ObjCHiredis_OSX.octest */ = {isa = PBXFileReference; explicitFileType = wrapper.cfbundle; includeInIndex = 0; path = Test_ObjCHiredis_OSX.octest; sourceTree = BUILT_PRODUCTS_DIR; };
		0C920D0B12696788004A624F /* Test_ObjCHiredis_OSX-Info.plist */ = {isa = PBXFileReference; lastKnownFileType = text.plist.xml; path = "Test_ObjCHiredis_OSX-Info.plist"; sourceTree = "<group>"; };
		0C921390126F158A004A624F /* ObjCHiredis_02_String_TestCase.m */ = {isa = PBXFileReference; fileEncoding = 4; lastKnownFileType = sourcecode.c.objc; path = ObjCHiredis_02_String_TestCase.m; sourceTree = "<group>"; };
		0C921393126F1669004A624F /* ObjCHiredis_03_List_TestCase.m */ = {isa = PBXFileReference; fileEncoding = 4; lastKnownFileType = sourcecode.c.objc; path = ObjCHiredis_03_List_TestCase.m; sourceTree = "<group>"; };
		0C921396126F170E004A624F /* ObjCHiredis_06_Hash_TestCase.m */ = {isa = PBXFileReference; fileEncoding = 4; lastKnownFileType = sourcecode.c.objc; path = ObjCHiredis_06_Hash_TestCase.m; sourceTree = "<group>"; };
		0C9215111271BE4A004A624F /* ObjCHiredis_04_Set_TestCase.m */ = {isa = PBXFileReference; fileEncoding = 4; lastKnownFileType = sourcecode.c.objc; path = ObjCHiredis_04_Set_TestCase.m; sourceTree = "<group>"; };
		0C9216881277023E004A624F /* ObjCHiredis_05_SortedSet_TestCase.m */ = {isa = PBXFileReference; fileEncoding = 4; lastKnownFileType = sourcecode.c.objc; path = ObjCHiredis_05_SortedSet_TestCase.m; sourceTree = "<group>"; };
		0C921A8B127A20E2004A624F /* ObjCHiredis_07_MultiExecCommand.m */ = {isa = PBXFileReference; fileEncoding = 4; lastKnownFileType = sourcecode.c.objc; path = ObjCHiredis_07_MultiExecCommand.m; sourceTree = "<group>"; };
		0C921FA6128038D1004A624F /* libObjCHiredis_iOS.a */ = {isa = PBXFileReference; explicitFileType = archive.ar; includeInIndex = 0; path = libObjCHiredis_iOS.a; sourceTree = BUILT_PRODUCTS_DIR; };
		0C921FBE12803934004A624F /* Test_ObjCHiredis_iOS.octest */ = {isa = PBXFileReference; explicitFileType = wrapper.cfbundle; includeInIndex = 0; path = Test_ObjCHiredis_iOS.octest; sourceTree = BUILT_PRODUCTS_DIR; };
		0C921FBF12803934004A624F /* Test_ObjCHiredis_iOS-Info.plist */ = {isa = PBXFileReference; lastKnownFileType = text.plist.xml; path = "Test_ObjCHiredis_iOS-Info.plist"; sourceTree = "<group>"; };
		1058C7B1FEA5585E11CA2CBB /* Cocoa.framework */ = {isa = PBXFileReference; lastKnownFileType = wrapper.framework; name = Cocoa.framework; path = /System/Library/Frameworks/Cocoa.framework; sourceTree = "<absolute>"; };
		32DBCF5E0370ADEE00C91783 /* ObjCHiredis_Prefix.pch */ = {isa = PBXFileReference; fileEncoding = 4; lastKnownFileType = sourcecode.c.h; path = ObjCHiredis_Prefix.pch; sourceTree = "<group>"; };
		8DC2EF5A0486A6940098B216 /* Info.plist */ = {isa = PBXFileReference; fileEncoding = 4; lastKnownFileType = text.plist.xml; path = Info.plist; sourceTree = "<group>"; };
		8DC2EF5B0486A6940098B216 /* ObjCHiredis */ = {isa = PBXFileReference; includeInIndex = 0; lastKnownFileType = wrapper.framework; path = ObjCHiredis; sourceTree = BUILT_PRODUCTS_DIR; };
		D2F7E79907B2D74100F64583 /* CoreData.framework */ = {isa = PBXFileReference; lastKnownFileType = wrapper.framework; name = CoreData.framework; path = /System/Library/Frameworks/CoreData.framework; sourceTree = "<absolute>"; };
/* End PBXFileReference section */

/* Begin PBXFrameworksBuildPhase section */
		0C920D0712696788004A624F /* Frameworks */ = {
			isa = PBXFrameworksBuildPhase;
			buildActionMask = 2147483647;
			files = (
				0C920D16126967C6004A624F /* ObjCHiredis in Frameworks */,
			);
			runOnlyForDeploymentPostprocessing = 0;
		};
		0C921FA4128038D1004A624F /* Frameworks */ = {
			isa = PBXFrameworksBuildPhase;
			buildActionMask = 2147483647;
			files = (
			);
			runOnlyForDeploymentPostprocessing = 0;
		};
		0C921FBB12803934004A624F /* Frameworks */ = {
			isa = PBXFrameworksBuildPhase;
			buildActionMask = 2147483647;
			files = (
				0C921FC61280394A004A624F /* libObjCHiredis_iOS.a in Frameworks */,
			);
			runOnlyForDeploymentPostprocessing = 0;
		};
		8DC2EF560486A6940098B216 /* Frameworks */ = {
			isa = PBXFrameworksBuildPhase;
			buildActionMask = 2147483647;
			files = (
				0C920DE712696D70004A624F /* Foundation.framework in Frameworks */,
			);
			runOnlyForDeploymentPostprocessing = 0;
		};
/* End PBXFrameworksBuildPhase section */

/* Begin PBXGroup section */
		034768DFFF38A50411DB9C8B /* Products */ = {
			isa = PBXGroup;
			children = (
				8DC2EF5B0486A6940098B216 /* ObjCHiredis */,
				0C920D0A12696788004A624F /* Test_ObjCHiredis_OSX.octest */,
				0C921FA6128038D1004A624F /* libObjCHiredis_iOS.a */,
				0C921FBE12803934004A624F /* Test_ObjCHiredis_iOS.octest */,
			);
			name = Products;
			sourceTree = "<group>";
		};
		0867D691FE84028FC02AAC07 /* ObjCHiredis */ = {
			isa = PBXGroup;
			children = (
				0C920CFB12696729004A624F /* Tests */,
				0C920CE6126966F1004A624F /* Hiredis */,
				08FB77AEFE84172EC02AAC07 /* Classes */,
				32C88DFF0371C24200C91783 /* Other Sources */,
				089C1665FE841158C02AAC07 /* Resources */,
				0867D69AFE84028FC02AAC07 /* External Frameworks and Libraries */,
				034768DFFF38A50411DB9C8B /* Products */,
				0C920D0B12696788004A624F /* Test_ObjCHiredis_OSX-Info.plist */,
				0C921FBF12803934004A624F /* Test_ObjCHiredis_iOS-Info.plist */,
			);
			name = ObjCHiredis;
			sourceTree = "<group>";
		};
		0867D69AFE84028FC02AAC07 /* External Frameworks and Libraries */ = {
			isa = PBXGroup;
			children = (
				1058C7B0FEA5585E11CA2CBB /* Linked Frameworks */,
				1058C7B2FEA5585E11CA2CBB /* Other Frameworks */,
			);
			name = "External Frameworks and Libraries";
			sourceTree = "<group>";
		};
		089C1665FE841158C02AAC07 /* Resources */ = {
			isa = PBXGroup;
			children = (
				8DC2EF5A0486A6940098B216 /* Info.plist */,
				089C1666FE841158C02AAC07 /* InfoPlist.strings */,
			);
			name = Resources;
			sourceTree = "<group>";
		};
		08FB77AEFE84172EC02AAC07 /* Classes */ = {
			isa = PBXGroup;
			children = (
				0C920CF612696722004A624F /* ObjCHiredis.m */,
				0C920CF712696723004A624F /* ObjCHiredis.h */,
			);
			name = Classes;
			sourceTree = "<group>";
		};
		0C920CE6126966F1004A624F /* Hiredis */ = {
			isa = PBXGroup;
			children = (
				0C920CE81269670C004A624F /* sds.h */,
				0C920CE91269670C004A624F /* sds.c */,
				0C920CEA1269670C004A624F /* hiredis.h */,
				0C920CEB1269670C004A624F /* hiredis.c */,
				0C920CEC1269670C004A624F /* fmacros.h */,
				0C920CED1269670C004A624F /* anet.h */,
				0C920CEE1269670C004A624F /* anet.c */,
			);
			name = Hiredis;
			sourceTree = "<group>";
		};
		0C920CFB12696729004A624F /* Tests */ = {
			isa = PBXGroup;
			children = (
				0C920CFC12696735004A624F /* ObjCHiredis_01_Basic_TestCase.m */,
				0C921390126F158A004A624F /* ObjCHiredis_02_String_TestCase.m */,
				0C921393126F1669004A624F /* ObjCHiredis_03_List_TestCase.m */,
				0C921396126F170E004A624F /* ObjCHiredis_06_Hash_TestCase.m */,
				0C9215111271BE4A004A624F /* ObjCHiredis_04_Set_TestCase.m */,
				0C9216881277023E004A624F /* ObjCHiredis_05_SortedSet_TestCase.m */,
				0C921A8B127A20E2004A624F /* ObjCHiredis_07_MultiExecCommand.m */,
			);
			name = Tests;
			sourceTree = "<group>";
		};
		1058C7B0FEA5585E11CA2CBB /* Linked Frameworks */ = {
			isa = PBXGroup;
			children = (
				1058C7B1FEA5585E11CA2CBB /* Cocoa.framework */,
			);
			name = "Linked Frameworks";
			sourceTree = "<group>";
		};
		1058C7B2FEA5585E11CA2CBB /* Other Frameworks */ = {
			isa = PBXGroup;
			children = (
				0867D6A5FE840307C02AAC07 /* AppKit.framework */,
				D2F7E79907B2D74100F64583 /* CoreData.framework */,
				0867D69BFE84028FC02AAC07 /* Foundation.framework */,
			);
			name = "Other Frameworks";
			sourceTree = "<group>";
		};
		32C88DFF0371C24200C91783 /* Other Sources */ = {
			isa = PBXGroup;
			children = (
				32DBCF5E0370ADEE00C91783 /* ObjCHiredis_Prefix.pch */,
			);
			name = "Other Sources";
			sourceTree = "<group>";
		};
/* End PBXGroup section */

/* Begin PBXHeadersBuildPhase section */
		0C921FA2128038D1004A624F /* Headers */ = {
			isa = PBXHeadersBuildPhase;
			buildActionMask = 2147483647;
			files = (
				0C921FAE128038F1004A624F /* anet.h in Headers */,
				0C921FAF128038F4004A624F /* fmacros.h in Headers */,
				0C921FB1128038F8004A624F /* hiredis.h in Headers */,
				0C921FB2128038FF004A624F /* ObjCHiredis.h in Headers */,
				0C921FB512803909004A624F /* sds.h in Headers */,
			);
			runOnlyForDeploymentPostprocessing = 0;
		};
		8DC2EF500486A6940098B216 /* Headers */ = {
			isa = PBXHeadersBuildPhase;
			buildActionMask = 2147483647;
			files = (
				0C920CEF1269670C004A624F /* sds.h in Headers */,
				0C920CF11269670C004A624F /* hiredis.h in Headers */,
				0C920CF31269670C004A624F /* fmacros.h in Headers */,
				0C920CF41269670C004A624F /* anet.h in Headers */,
				0C920CF912696723004A624F /* ObjCHiredis.h in Headers */,
			);
			runOnlyForDeploymentPostprocessing = 0;
		};
/* End PBXHeadersBuildPhase section */

/* Begin PBXNativeTarget section */
		0C920D0912696788004A624F /* Test_ObjCHiredis_OSX */ = {
			isa = PBXNativeTarget;
			buildConfigurationList = 0C920D0E12696788004A624F /* Build configuration list for PBXNativeTarget "Test_ObjCHiredis_OSX" */;
			buildPhases = (
				0C920D0512696788004A624F /* Resources */,
				0C920D0612696788004A624F /* Sources */,
				0C920D0712696788004A624F /* Frameworks */,
				0C920D0812696788004A624F /* ShellScript */,
			);
			buildRules = (
			);
			dependencies = (
				0C920D13126967BB004A624F /* PBXTargetDependency */,
			);
			name = Test_ObjCHiredis_OSX;
			productName = Test_ObjCHiredis_OSX;
			productReference = 0C920D0A12696788004A624F /* Test_ObjCHiredis_OSX.octest */;
			productType = "com.apple.product-type.bundle";
		};
		0C921FA5128038D1004A624F /* ObjCHiredis_iOS */ = {
			isa = PBXNativeTarget;
			buildConfigurationList = 0C921FB812803930004A624F /* Build configuration list for PBXNativeTarget "ObjCHiredis_iOS" */;
			buildPhases = (
				0C921FA2128038D1004A624F /* Headers */,
				0C921FA3128038D1004A624F /* Sources */,
				0C921FA4128038D1004A624F /* Frameworks */,
			);
			buildRules = (
			);
			dependencies = (
			);
			name = ObjCHiredis_iOS;
			productName = ObjCHiredis_iOS;
			productReference = 0C921FA6128038D1004A624F /* libObjCHiredis_iOS.a */;
			productType = "com.apple.product-type.library.static";
		};
		0C921FBD12803934004A624F /* Test_ObjCHiredis_iOS */ = {
			isa = PBXNativeTarget;
			buildConfigurationList = 0C921FC212803935004A624F /* Build configuration list for PBXNativeTarget "Test_ObjCHiredis_iOS" */;
			buildPhases = (
				0C921FB912803934004A624F /* Resources */,
				0C921FBA12803934004A624F /* Sources */,
				0C921FBB12803934004A624F /* Frameworks */,
				0C921FBC12803934004A624F /* ShellScript */,
			);
			buildRules = (
			);
			dependencies = (
				0C921FC51280393F004A624F /* PBXTargetDependency */,
			);
			name = Test_ObjCHiredis_iOS;
			productName = Test_ObjCHiredis_iOS;
			productReference = 0C921FBE12803934004A624F /* Test_ObjCHiredis_iOS.octest */;
			productType = "com.apple.product-type.bundle";
		};
		8DC2EF4F0486A6940098B216 /* ObjCHiredis */ = {
			isa = PBXNativeTarget;
			buildConfigurationList = 1DEB91AD08733DA50010E9CD /* Build configuration list for PBXNativeTarget "ObjCHiredis" */;
			buildPhases = (
				8DC2EF500486A6940098B216 /* Headers */,
				8DC2EF520486A6940098B216 /* Resources */,
				8DC2EF540486A6940098B216 /* Sources */,
				8DC2EF560486A6940098B216 /* Frameworks */,
			);
			buildRules = (
			);
			dependencies = (
			);
			name = ObjCHiredis;
			productInstallPath = "$(HOME)/Library/Frameworks";
			productName = ObjCHiredis;
			productReference = 8DC2EF5B0486A6940098B216 /* ObjCHiredis */;
			productType = "com.apple.product-type.framework";
		};
/* End PBXNativeTarget section */

/* Begin PBXProject section */
		0867D690FE84028FC02AAC07 /* Project object */ = {
			isa = PBXProject;
			buildConfigurationList = 1DEB91B108733DA50010E9CD /* Build configuration list for PBXProject "ObjCHiredis" */;
			compatibilityVersion = "Xcode 3.1";
			hasScannedForEncodings = 1;
			mainGroup = 0867D691FE84028FC02AAC07 /* ObjCHiredis */;
			productRefGroup = 034768DFFF38A50411DB9C8B /* Products */;
			projectDirPath = "";
			projectRoot = "";
			targets = (
				8DC2EF4F0486A6940098B216 /* ObjCHiredis */,
				0C920D0912696788004A624F /* Test_ObjCHiredis_OSX */,
				0C921FA5128038D1004A624F /* ObjCHiredis_iOS */,
				0C921FBD12803934004A624F /* Test_ObjCHiredis_iOS */,
			);
		};
/* End PBXProject section */

/* Begin PBXResourcesBuildPhase section */
		0C920D0512696788004A624F /* Resources */ = {
			isa = PBXResourcesBuildPhase;
			buildActionMask = 2147483647;
			files = (
			);
			runOnlyForDeploymentPostprocessing = 0;
		};
		0C921FB912803934004A624F /* Resources */ = {
			isa = PBXResourcesBuildPhase;
			buildActionMask = 2147483647;
			files = (
			);
			runOnlyForDeploymentPostprocessing = 0;
		};
		8DC2EF520486A6940098B216 /* Resources */ = {
			isa = PBXResourcesBuildPhase;
			buildActionMask = 2147483647;
			files = (
				8DC2EF530486A6940098B216 /* InfoPlist.strings in Resources */,
			);
			runOnlyForDeploymentPostprocessing = 0;
		};
/* End PBXResourcesBuildPhase section */

/* Begin PBXShellScriptBuildPhase section */
		0C920D0812696788004A624F /* ShellScript */ = {
			isa = PBXShellScriptBuildPhase;
			buildActionMask = 2147483647;
			files = (
			);
			inputPaths = (
			);
			outputPaths = (
			);
			runOnlyForDeploymentPostprocessing = 0;
			shellPath = /bin/sh;
			shellScript = "# Run the unit tests in this test bundle.\n\"${SYSTEM_DEVELOPER_DIR}/Tools/RunUnitTests\"\n";
		};
		0C921FBC12803934004A624F /* ShellScript */ = {
			isa = PBXShellScriptBuildPhase;
			buildActionMask = 2147483647;
			files = (
			);
			inputPaths = (
			);
			outputPaths = (
			);
			runOnlyForDeploymentPostprocessing = 0;
			shellPath = /bin/sh;
			shellScript = "# Run the unit tests in this test bundle.\n\"${SYSTEM_DEVELOPER_DIR}/Tools/RunUnitTests\"\n";
		};
/* End PBXShellScriptBuildPhase section */

/* Begin PBXSourcesBuildPhase section */
		0C920D0612696788004A624F /* Sources */ = {
			isa = PBXSourcesBuildPhase;
			buildActionMask = 2147483647;
			files = (
				0C920D11126967B0004A624F /* ObjCHiredis_01_Basic_TestCase.m in Sources */,
				0C921391126F158A004A624F /* ObjCHiredis_02_String_TestCase.m in Sources */,
				0C921394126F1669004A624F /* ObjCHiredis_03_List_TestCase.m in Sources */,
				0C921397126F170E004A624F /* ObjCHiredis_06_Hash_TestCase.m in Sources */,
				0C9215121271BE4A004A624F /* ObjCHiredis_04_Set_TestCase.m in Sources */,
				0C9216891277023E004A624F /* ObjCHiredis_05_SortedSet_TestCase.m in Sources */,
				0C921A8C127A20E2004A624F /* ObjCHiredis_07_MultiExecCommand.m in Sources */,
			);
			runOnlyForDeploymentPostprocessing = 0;
		};
		0C921FA3128038D1004A624F /* Sources */ = {
			isa = PBXSourcesBuildPhase;
			buildActionMask = 2147483647;
			files = (
				0C921FAD128038EF004A624F /* anet.c in Sources */,
				0C921FB0128038F7004A624F /* hiredis.c in Sources */,
				0C921FB312803901004A624F /* ObjCHiredis.m in Sources */,
				0C921FB412803908004A624F /* sds.c in Sources */,
			);
			runOnlyForDeploymentPostprocessing = 0;
		};
		0C921FBA12803934004A624F /* Sources */ = {
			isa = PBXSourcesBuildPhase;
			buildActionMask = 2147483647;
			files = (
				0C921FCF12803983004A624F /* ObjCHiredis_01_Basic_TestCase.m in Sources */,
				0C921FD012803985004A624F /* ObjCHiredis_02_String_TestCase.m in Sources */,
				0C921FD112803986004A624F /* ObjCHiredis_03_List_TestCase.m in Sources */,
				0C921FD212803987004A624F /* ObjCHiredis_04_Set_TestCase.m in Sources */,
				0C921FD312803988004A624F /* ObjCHiredis_05_SortedSet_TestCase.m in Sources */,
				0C921FD412803989004A624F /* ObjCHiredis_06_Hash_TestCase.m in Sources */,
				0C921FD51280398D004A624F /* ObjCHiredis_07_MultiExecCommand.m in Sources */,
			);
			runOnlyForDeploymentPostprocessing = 0;
		};
		8DC2EF540486A6940098B216 /* Sources */ = {
			isa = PBXSourcesBuildPhase;
			buildActionMask = 2147483647;
			files = (
				0C920CF01269670C004A624F /* sds.c in Sources */,
				0C920CF21269670C004A624F /* hiredis.c in Sources */,
				0C920CF51269670C004A624F /* anet.c in Sources */,
				0C920CF812696723004A624F /* ObjCHiredis.m in Sources */,
			);
			runOnlyForDeploymentPostprocessing = 0;
		};
/* End PBXSourcesBuildPhase section */

/* Begin PBXTargetDependency section */
		0C920D13126967BB004A624F /* PBXTargetDependency */ = {
			isa = PBXTargetDependency;
			target = 8DC2EF4F0486A6940098B216 /* ObjCHiredis */;
			targetProxy = 0C920D12126967BB004A624F /* PBXContainerItemProxy */;
		};
		0C921FC51280393F004A624F /* PBXTargetDependency */ = {
			isa = PBXTargetDependency;
			target = 0C921FA5128038D1004A624F /* ObjCHiredis_iOS */;
			targetProxy = 0C921FC41280393F004A624F /* PBXContainerItemProxy */;
		};
/* End PBXTargetDependency section */

/* Begin PBXVariantGroup section */
		089C1666FE841158C02AAC07 /* InfoPlist.strings */ = {
			isa = PBXVariantGroup;
			children = (
				089C1667FE841158C02AAC07 /* English */,
			);
			name = InfoPlist.strings;
			sourceTree = "<group>";
		};
/* End PBXVariantGroup section */

/* Begin XCBuildConfiguration section */
		0C920D0C12696788004A624F /* Debug */ = {
			isa = XCBuildConfiguration;
			buildSettings = {
				ALWAYS_SEARCH_USER_PATHS = NO;
				COPY_PHASE_STRIP = NO;
				FRAMEWORK_SEARCH_PATHS = "$(DEVELOPER_LIBRARY_DIR)/Frameworks";
				GCC_DYNAMIC_NO_PIC = NO;
				GCC_ENABLE_FIX_AND_CONTINUE = NO;
				GCC_ENABLE_OBJC_EXCEPTIONS = YES;
				GCC_MODEL_TUNING = G5;
				GCC_OPTIMIZATION_LEVEL = 0;
				GCC_PRECOMPILE_PREFIX_HEADER = YES;
				GCC_PREFIX_HEADER = "$(SYSTEM_LIBRARY_DIR)/Frameworks/Cocoa.framework/Headers/Cocoa.h";
				INFOPLIST_FILE = "Test_ObjCHiredis_OSX-Info.plist";
				INSTALL_PATH = "$(USER_LIBRARY_DIR)/Bundles";
				ONLY_ACTIVE_ARCH = NO;
				OTHER_LDFLAGS = (
					"-framework",
					Cocoa,
					"-framework",
					SenTestingKit,
				);
				PREBINDING = NO;
				PRODUCT_NAME = Test_ObjCHiredis_OSX;
				WRAPPER_EXTENSION = octest;
			};
			name = Debug;
		};
		0C920D0D12696788004A624F /* Release */ = {
			isa = XCBuildConfiguration;
			buildSettings = {
				ALWAYS_SEARCH_USER_PATHS = NO;
				COPY_PHASE_STRIP = YES;
				DEBUG_INFORMATION_FORMAT = "dwarf-with-dsym";
				FRAMEWORK_SEARCH_PATHS = "$(DEVELOPER_LIBRARY_DIR)/Frameworks";
				GCC_ENABLE_FIX_AND_CONTINUE = NO;
				GCC_ENABLE_OBJC_EXCEPTIONS = YES;
				GCC_MODEL_TUNING = G5;
				GCC_PRECOMPILE_PREFIX_HEADER = YES;
				GCC_PREFIX_HEADER = "$(SYSTEM_LIBRARY_DIR)/Frameworks/Cocoa.framework/Headers/Cocoa.h";
				INFOPLIST_FILE = "Test_ObjCHiredis_OSX-Info.plist";
				INSTALL_PATH = "$(USER_LIBRARY_DIR)/Bundles";
				ONLY_ACTIVE_ARCH = NO;
				OTHER_LDFLAGS = (
					"-framework",
					Cocoa,
					"-framework",
					SenTestingKit,
				);
				PREBINDING = NO;
				PRODUCT_NAME = Test_ObjCHiredis_OSX;
				WRAPPER_EXTENSION = octest;
				ZERO_LINK = NO;
			};
			name = Release;
		};
		0C921FA7128038D2004A624F /* Debug */ = {
			isa = XCBuildConfiguration;
			buildSettings = {
				ALWAYS_SEARCH_USER_PATHS = NO;
				COPY_PHASE_STRIP = NO;
				GCC_DYNAMIC_NO_PIC = NO;
				GCC_OPTIMIZATION_LEVEL = 0;
				ONLY_ACTIVE_ARCH = NO;
				PREBINDING = NO;
				PRODUCT_NAME = ObjCHiredis_iOS;
				SDKROOT = iphonesimulator4.0;
			};
			name = Debug;
		};
		0C921FA8128038D2004A624F /* Release */ = {
			isa = XCBuildConfiguration;
			buildSettings = {
				ALWAYS_SEARCH_USER_PATHS = NO;
				COPY_PHASE_STRIP = YES;
				DEBUG_INFORMATION_FORMAT = "dwarf-with-dsym";
				GCC_ENABLE_FIX_AND_CONTINUE = NO;
				ONLY_ACTIVE_ARCH = NO;
				PREBINDING = NO;
				PRODUCT_NAME = ObjCHiredis_iOS;
				SDKROOT = iphonesimulator4.0;
				ZERO_LINK = NO;
			};
			name = Release;
		};
		0C921FC012803935004A624F /* Debug */ = {
			isa = XCBuildConfiguration;
			buildSettings = {
				ALWAYS_SEARCH_USER_PATHS = NO;
				"CODE_SIGN_IDENTITY[sdk=iphoneos*]" = "";
				COPY_PHASE_STRIP = NO;
				FRAMEWORK_SEARCH_PATHS = (
					"\"$(SDKROOT)/Developer/Library/Frameworks\"",
					"\"$(DEVELOPER_LIBRARY_DIR)/Frameworks\"",
				);
				GCC_DYNAMIC_NO_PIC = NO;
				GCC_ENABLE_FIX_AND_CONTINUE = NO;
				GCC_ENABLE_OBJC_EXCEPTIONS = YES;
				GCC_OPTIMIZATION_LEVEL = 0;
				INFOPLIST_FILE = "Test_ObjCHiredis_iOS-Info.plist";
				ONLY_ACTIVE_ARCH = NO;
				OTHER_LDFLAGS = (
					"-framework",
					Foundation,
					"-framework",
					SenTestingKit,
					"-framework",
					UIKit,
				);
				PREBINDING = NO;
				PRODUCT_NAME = Test_ObjCHiredis_iOS;
				SDKROOT = iphonesimulator4.0;
				WRAPPER_EXTENSION = octest;
			};
			name = Debug;
		};
		0C921FC112803935004A624F /* Release */ = {
			isa = XCBuildConfiguration;
			buildSettings = {
				ALWAYS_SEARCH_USER_PATHS = NO;
				"CODE_SIGN_IDENTITY[sdk=iphoneos*]" = "";
				COPY_PHASE_STRIP = YES;
				DEBUG_INFORMATION_FORMAT = "dwarf-with-dsym";
				FRAMEWORK_SEARCH_PATHS = (
					"\"$(SDKROOT)/Developer/Library/Frameworks\"",
					"\"$(DEVELOPER_LIBRARY_DIR)/Frameworks\"",
				);
				GCC_ENABLE_FIX_AND_CONTINUE = NO;
				GCC_ENABLE_OBJC_EXCEPTIONS = YES;
				INFOPLIST_FILE = "Test_ObjCHiredis_iOS-Info.plist";
				ONLY_ACTIVE_ARCH = NO;
				OTHER_LDFLAGS = (
					"-framework",
					Foundation,
					"-framework",
					SenTestingKit,
					"-framework",
					UIKit,
				);
				PREBINDING = NO;
				PRODUCT_NAME = Test_ObjCHiredis_iOS;
				SDKROOT = iphonesimulator4.0;
				WRAPPER_EXTENSION = octest;
				ZERO_LINK = NO;
			};
			name = Release;
		};
		1DEB91AE08733DA50010E9CD /* Debug */ = {
			isa = XCBuildConfiguration;
			buildSettings = {
				ALWAYS_SEARCH_USER_PATHS = NO;
				COPY_PHASE_STRIP = NO;
				DYLIB_COMPATIBILITY_VERSION = 1;
				DYLIB_CURRENT_VERSION = 1;
				FRAMEWORK_VERSION = A;
				GCC_DYNAMIC_NO_PIC = NO;
				GCC_ENABLE_FIX_AND_CONTINUE = YES;
				GCC_ENABLE_OBJC_GC = supported;
				GCC_MODEL_TUNING = G5;
				GCC_OPTIMIZATION_LEVEL = 0;
				GCC_PRECOMPILE_PREFIX_HEADER = YES;
				GCC_PREFIX_HEADER = ObjCHiredis_Prefix.pch;
				INFOPLIST_FILE = Info.plist;
				INSTALL_PATH = "$(HOME)/Library/Frameworks";
				ONLY_ACTIVE_ARCH = NO;
				PRODUCT_NAME = ObjCHiredis;
				WRAPPER_EXTENSION = framework;
			};
			name = Debug;
		};
		1DEB91AF08733DA50010E9CD /* Release */ = {
			isa = XCBuildConfiguration;
			buildSettings = {
				ALWAYS_SEARCH_USER_PATHS = NO;
				DEBUG_INFORMATION_FORMAT = "dwarf-with-dsym";
				DYLIB_COMPATIBILITY_VERSION = 1;
				DYLIB_CURRENT_VERSION = 1;
				FRAMEWORK_VERSION = A;
				GCC_ENABLE_OBJC_GC = supported;
				GCC_MODEL_TUNING = G5;
				GCC_PRECOMPILE_PREFIX_HEADER = YES;
				GCC_PREFIX_HEADER = ObjCHiredis_Prefix.pch;
				INFOPLIST_FILE = Info.plist;
				INSTALL_PATH = "$(HOME)/Library/Frameworks";
				ONLY_ACTIVE_ARCH = NO;
				PRODUCT_NAME = ObjCHiredis;
				WRAPPER_EXTENSION = framework;
			};
			name = Release;
		};
		1DEB91B208733DA50010E9CD /* Debug */ = {
			isa = XCBuildConfiguration;
			buildSettings = {
				ARCHS = "$(ARCHS_STANDARD_32_64_BIT)";
				GCC_C_LANGUAGE_STANDARD = gnu99;
				GCC_OPTIMIZATION_LEVEL = 0;
				GCC_WARN_ABOUT_RETURN_TYPE = YES;
				GCC_WARN_UNUSED_VARIABLE = YES;
				ONLY_ACTIVE_ARCH = YES;
				PREBINDING = NO;
				SDKROOT = macosx10.6;
			};
			name = Debug;
		};
		1DEB91B308733DA50010E9CD /* Release */ = {
			isa = XCBuildConfiguration;
			buildSettings = {
				ARCHS = "$(ARCHS_STANDARD_32_64_BIT)";
				GCC_C_LANGUAGE_STANDARD = gnu99;
				GCC_WARN_ABOUT_RETURN_TYPE = YES;
				GCC_WARN_UNUSED_VARIABLE = YES;
				PREBINDING = NO;
				SDKROOT = macosx10.6;
			};
			name = Release;
		};
/* End XCBuildConfiguration section */

/* Begin XCConfigurationList section */
		0C920D0E12696788004A624F /* Build configuration list for PBXNativeTarget "Test_ObjCHiredis_OSX" */ = {
			isa = XCConfigurationList;
			buildConfigurations = (
				0C920D0C12696788004A624F /* Debug */,
				0C920D0D12696788004A624F /* Release */,
			);
			defaultConfigurationIsVisible = 0;
			defaultConfigurationName = Release;
		};
		0C921FB812803930004A624F /* Build configuration list for PBXNativeTarget "ObjCHiredis_iOS" */ = {
			isa = XCConfigurationList;
			buildConfigurations = (
				0C921FA7128038D2004A624F /* Debug */,
				0C921FA8128038D2004A624F /* Release */,
			);
			defaultConfigurationIsVisible = 0;
			defaultConfigurationName = Release;
		};
		0C921FC212803935004A624F /* Build configuration list for PBXNativeTarget "Test_ObjCHiredis_iOS" */ = {
			isa = XCConfigurationList;
			buildConfigurations = (
				0C921FC012803935004A624F /* Debug */,
				0C921FC112803935004A624F /* Release */,
			);
			defaultConfigurationIsVisible = 0;
			defaultConfigurationName = Release;
		};
		1DEB91AD08733DA50010E9CD /* Build configuration list for PBXNativeTarget "ObjCHiredis" */ = {
			isa = XCConfigurationList;
			buildConfigurations = (
				1DEB91AE08733DA50010E9CD /* Debug */,
				1DEB91AF08733DA50010E9CD /* Release */,
			);
			defaultConfigurationIsVisible = 0;
			defaultConfigurationName = Release;
		};
		1DEB91B108733DA50010E9CD /* Build configuration list for PBXProject "ObjCHiredis" */ = {
			isa = XCConfigurationList;
			buildConfigurations = (
				1DEB91B208733DA50010E9CD /* Debug */,
				1DEB91B308733DA50010E9CD /* Release */,
			);
			defaultConfigurationIsVisible = 0;
			defaultConfigurationName = Release;
		};
/* End XCConfigurationList section */
	};
	rootObject = 0867D690FE84028FC02AAC07 /* Project object */;
}
